{
  "version": "5",
  "specifiers": {
    "jsr:@supabase/supabase-js@2": "2.112.4",
    "npm:@supabase/auth-js@2.112.4": "2.112.4",
    "npm:@supabase/functions-js@2.112.4": "2.112.4",
    "npm:@supabase/postgrest-js@2.112.4": "2.112.4",
    "npm:@supabase/realtime-js@2.112.4": "2.112.4",
    "npm:@supabase/storage-js@2.112.4": "2.112.4"
  },
  "jsr": {
    "@supabase/supabase-js@2.112.4": {
      "integrity": "f20220bf7de53d493d2f01aa269132b660572ba407e7de68f1b43422b9e8002a",
      "dependencies": [
        "npm:@supabase/auth-js",
        "npm:@supabase/functions-js",
        "npm:@supabase/postgrest-js",
        "npm:@supabase/realtime-js",
        "npm:@supabase/storage-js"
      ]
    }
  },
  "npm": {
    "@supabase/auth-js@2.112.4": {
      "integrity": "sha512-z8DesgwLzKM5PiT0yNmJU8VJyh1zAhYi+20Z7drdJQLXg/wWW4yGt/un+He5ERYUo94Vz66t5aeyr1DIDemI5A==",
      "dependencies": [
        "tslib"
      ]
    },
    "@supabase/functions-js@2.112.4": {
      "integrity": "sha512-DQ0aVH8wSQAccVqNoEkec62qCu2QRNyoGN53RqsVZ1k6F1zq4/v8scrlR6LNT2RJmT97apiTmORijPVhErCS2g==",
      "dependencies": [
        "tslib"
      ]
    },
    "@supabase/phoenix@0.4.5": {
      "integrity": "sha512-aAn9H9ovVyeApKy11OWOrrOGq8DV68yWeH4ud2lN9fzn4aO8Zb5GLL9m1pUg9nLqIcT+ZDfAcsZe0E/nqdv2lw=="
    },
    "@supabase/postgrest-js@2.112.4": {
      "integrity": "sha512-uaubtPSeg2TR4wrtfQoQWgkTAe+a0qWX2KhmwvTfNl5mGN9+U7owiJt6abk3o/V6O899PSRD1yzxs5RlF4xTug==",
      "dependencies": [
        "tslib"
      ]
    },
    "@supabase/realtime-js@2.112.4": {
      "integrity": "sha512-vZ+j079SKrM0Xiq7MJCvQKLDpaH2kfKfLY68xuQE1sqsCsMmx1CyrDBJHsxZ3cX01VOs5SI9igmoZAF3BmdZxw==",
      "dependencies": [
        "@supabase/phoenix",
        "tslib"
      ]
    },
    "@supabase/storage-js@2.112.4": {
      "integrity": "sha512-lQ0JemuTlMIXVKgSci1qez8yPnM5hyDngeAfEBjZS2Om4D+Cus0EE5BE6glFobrxdyii1OF4UzWfF0zcQgDq5A==",
      "dependencies": [
        "iceberg-js",
        "tslib"
      ]
    },
    "iceberg-js@0.8.1": {
      "integrity": "sha512-1dhVQZXhcHje7798IVM+xoo/1ZdVfzOMIc8/rgVSijRK38EDqOJoGula9N/8ZI5RD8QTxNQtK/Gozpr+qUqRRA=="
    },
    "tslib@2.8.1": {
      "integrity": "sha512-oJFu94HQb+KVduSUQL7wnpmqnfmLsOA/nAh6b6EH0wCEoK0/mPeXU6c3wKDV83MkOuHPRHtSXKKU99IBazS/2w=="
    }
  },
  "redirects": {
    "https://esm.sh/@supabase/supabase-js@2": "https://esm.sh/@supabase/supabase-js@2.114.0",
    "https://esm.sh/iceberg-js@^0.8.1?target=denonext": "https://esm.sh/iceberg-js@0.8.1?target=denonext"
  },
  "remote": {
    "https://esm.sh/@supabase/auth-js@2.114.0/denonext/auth-js.mjs": "bb1529784b52f7729b9db99f9e81abfb37ca695a26fd54473f6e5004e69adcd9",
    "https://esm.sh/@supabase/functions-js@2.114.0/denonext/functions-js.mjs": "51f35cf55e8450415ffdfa54d23cb6b8ce15df9849f1d532ab9d391e8c597570",
    "https://esm.sh/@supabase/phoenix@0.4.5/denonext/phoenix.mjs": "40bd2a70829cd847848baac58e635bacd83fd62188f6624b44e2c295341004eb",
    "https://esm.sh/@supabase/postgrest-js@2.114.0/denonext/postgrest-js.mjs": "9ce751d0c7733e595c6626864755260c03320bde2af507e7f1cff2295ec25909",
    "https://esm.sh/@supabase/realtime-js@2.114.0/denonext/realtime-js.mjs": "05fead3be44fd5bb3592435fc6205191d1009bc16a5441eb15f10660435c388f",
    "https://esm.sh/@supabase/storage-js@2.114.0/denonext/storage-js.mjs": "3c014224204460931ee73659633c5b6357cb317974835b26793f488d58faeea4",
    "https://esm.sh/@supabase/supabase-js@2.114.0": "946ce759db4e6549badf08f6fb26bf763a1740a20d044931769535162c45e1a3",
    "https://esm.sh/@supabase/supabase-js@2.114.0/denonext/dist/tracingRegistry.mjs": "568dc522e57c82725c15a2e041e362bfa45b1b782be024b8ca3ded60089f3759",
    "https://esm.sh/@supabase/supabase-js@2.114.0/denonext/supabase-js.mjs": "1e5d746df3e3564f40644efbe6eca60d43cc125038b8f1ad0d906adf9ce6e780",
    "https://esm.sh/iceberg-js@0.8.1/denonext/iceberg-js.mjs": "d839d81a2e3966500ca2cdd0c1cb458e9608bacfc91f7bb67a69b2e878dcdb4f",
    "https://esm.sh/iceberg-js@0.8.1?target=denonext": "58c849d7fe2bf4eca4a84eb501e83c161a7d8c34ca1bec15a962b3bec3062633",
    "https://esm.sh/tslib@2.8.1/denonext/tslib.mjs": "c38da5dd6da6281964435002ce204cd586634fe3bdfb24a0ee116f48cf3292e9"
  }
}
